{
  "version": 4,
  "terraform_version": "1.9.7",
  "serial": 8,
  "lineage": "4d474798-52c0-46e9-bf27-a7eebb413e6d",
  "outputs": {},
  "resources": [
    {
      "module": "module.compute",
      "mode": "managed",
      "type": "yandex_compute_instance",
      "name": "compute-instance",
      "provider": "provider[\"registry.terraform.io/yandex-cloud/yandex\"]",
      "instances": [
        {
          "index_key": "tests",
          "schema_version": 1,
          "attributes": {
            "allow_recreate": null,
            "allow_stopping_for_update": false,
            "boot_disk": [
              {
                "auto_delete": true,
                "device_name": "epdi61f8qqlclrskcko1",
                "disk_id": "epdi61f8qqlclrskcko1",
                "initialize_params": [
                  {
                    "block_size": 4096,
                    "description": "",
                    "image_id": "fd8f214vjg7im9ugd4ns",
                    "kms_key_id": "",
                    "name": "",
                    "size": 15,
                    "snapshot_id": "",
                    "type": "network-hdd"
                  }
                ],
                "mode": "READ_WRITE"
              }
            ],
            "created_at": "2024-12-25T17:15:15Z",
            "description": "",
            "filesystem": [],
            "folder_id": "b1g3d1fn1u6i8bcif09p",
            "fqdn": "epd58eek0o2ae24k5360.auto.internal",
            "gpu_cluster_id": "",
            "hardware_generation": [
              {
                "generation2_features": [],
                "legacy_features": [
                  {
                    "pci_topology": "PCI_TOPOLOGY_V1"
                  }
                ]
              }
            ],
            "hostname": "",
            "id": "epd58eek0o2ae24k5360",
            "labels": null,
            "local_disk": [],
            "maintenance_grace_period": "",
            "maintenance_policy": null,
            "metadata": {
              "user-data": "#cloud-config\nssh_pwauth: no\nusers:\n  - name: cloud-user\n    sudo: ALL=(ALL) NOPASSWD:ALL\n    shell: /bin/bash\n    ssh_authorized_keys:\n      - ssh-rsa AAAAB3NzaC1yc2EAAAADAQABAAACAQCzQyRvShrWDvWCKBClyRJXiXjYOQrb8ClfrszIVoGscCy9MLVJOxk7TIFdyhcH5/OCxiez7kOSFn5T7GfrI+rAl50zm0zCnZROwh9l11rL2Ncl5LgNtkxGJCWR04v8+UP38l4M2AB1I1YE5kjw+9gH2w1O6BCvpPpvItUZ+tW+FceFpYyJgr0BiDH4jmTGKWElKHxx+/n6uuUI0yaXxz/bQ1/OfnV/5Lb6IuJKlbBaZNJLlum4G+AdAu6hQf7dAJD8h4spF/gHCVhpkBsNmqsfvCYQv4bgH1wAMzL3JgiWIoqBj+uFnUbXu7lR0iQkjhesznJ6Z1V4frsH4bdRRPMYD/Njx7aJuxKSBLCRgrLX4m/wCxwB1bTWSLgLMJRhua2QiftwhsfODqGeO/2sP7k4S5l8tlbNSvRh+MS7yA09Fyt04oJ/3XPng9hUgzilvEP+NtApt31svp5R9uaZU7z0prQDj2ZOgX3zxgmEuIBPY2P3Aq4zkYBt1z+wDpTDekU9xo+mz7jVfkgBovVCAR+eN9ZVPpacbOTxYAjuJH1mWpEbqvyrO4Qjh8LF/cGf3HBx1jMZipqsiG+8mUhowO8Wma8hAtn8aZlmxAO8/o2RSwzD2k0hk/iu3fOAgLuSuioxsvwmjKr4g8YDBJ+FWn5Yw3UG2BbIQ7ceG3LkBl10mw== root@admin.ru.net\n\npackages:\n- docker.io\n\nwrite_files:\n  - path: /root/.config/yandex-cloud/config.yaml\n    permissions: '0600'\n    content: |\n      current: default\n      profiles:\n        default:\n          token: y0_AgAAAAB1X0nFAATuwQAAAAECI2M4AAB5fx0NAW9HmY3LCTfcPzZUjTunLQ\n          cloud-id: b1glqf9amvcm5fe9ge2f\n          folder-id: b1g3d1fn1u6i8bcif09p\n  - path: /var/lib/cloud/scripts/per-boot/app.sh\n    permissions: '0555'\n    content: |\n      #!/bin/bash\n      #Run APP\n      if [ $(docker ps | grep appli | wc -l) -eq 1 ]; then \n      docker ps | grep metrics \n      else \n      curl -sSL https://storage.yandexcloud.net/yandexcloud-yc/install.sh | bash\n      yc container registry configure-docker\n      #ID регистри берется с созданного тераформом по хорошему через terraform_remote_state\n      #docker run --name appli --network=host --pid=host --restart=always -d cr.yandex/[id_registry]/app:hello\n      fi\n"
            },
            "metadata_options": [
              {
                "aws_v1_http_endpoint": 1,
                "aws_v1_http_token": 2,
                "gce_http_endpoint": 1,
                "gce_http_token": 1
              }
            ],
            "name": "tests",
            "network_acceleration_type": "standard",
            "network_interface": [
              {
                "dns_record": [],
                "index": 0,
                "ip_address": "10.129.0.7",
                "ipv4": true,
                "ipv6": false,
                "ipv6_address": "",
                "ipv6_dns_record": [],
                "mac_address": "d0:0d:54:39:d4:06",
                "nat": false,
                "nat_dns_record": [],
                "nat_ip_address": "",
                "nat_ip_version": "",
                "security_group_ids": [],
                "subnet_id": "e2l0umn039lbrbf9999f"
              }
            ],
            "placement_policy": [
              {
                "host_affinity_rules": [],
                "placement_group_id": "",
                "placement_group_partition": 0
              }
            ],
            "platform_id": "standard-v2",
            "resources": [
              {
                "core_fraction": 50,
                "cores": 2,
                "gpus": 0,
                "memory": 2
              }
            ],
            "scheduling_policy": [
              {
                "preemptible": false
              }
            ],
            "secondary_disk": [],
            "service_account_id": "",
            "status": "running",
            "timeouts": null,
            "zone": "ru-central1-b"
          },
          "sensitive_attributes": [],
          "private": "eyJlMmJmYjczMC1lY2FhLTExZTYtOGY4OC0zNDM2M2JjN2M0YzAiOnsiY3JlYXRlIjozMDAwMDAwMDAwMDAsImRlbGV0ZSI6MzAwMDAwMDAwMDAwLCJ1cGRhdGUiOjMwMDAwMDAwMDAwMH0sInNjaGVtYV92ZXJzaW9uIjoiMSJ9"
        }
      ]
    }
  ],
  "check_results": null
}
